
Microsoft Visual Studio Solution File, Format Version 12.00
# Visual Studio Version 16
VisualStudioVersion = 16.0.30907.101
MinimumVisualStudioVersion = 10.0.40219.1
Project("{FAE04EC0-301F-11D3-BF4B-00C04F79EFBC}") = "SpamAPI", "SpamAPI\SpamAPI.csproj", "{D1FD079B-7CA1-448C-8B8F-DC3DFE215442}"
EndProject
Global
	GlobalSection(SolutionConfigurationPlatforms) = preSolution
		Debug|Any CPU = Debug|Any CPU
		Release|Any CPU = Release|Any CPU
	EndGlobalSection
	GlobalSection(ProjectConfigurationPlatforms) = postSolution
		{D1FD079B-7CA1-448C-8B8F-DC3DFE215442}.Debug|Any CPU.ActiveCfg = Debug|Any CPU
		{D1FD079B-7CA1-448C-8B8F-DC3DFE215442}.Debug|Any CPU.Build.0 = Debug|Any CPU
		{D1FD079B-7CA1-448C-8B8F-DC3DFE215442}.Release|Any CPU.ActiveCfg = Release|Any CPU
		{D1FD079B-7CA1-448C-8B8F-DC3DFE215442}.Release|Any CPU.Build.0 = Release|Any CPU
	EndGlobalSection
	GlobalSection(SolutionProperties) = preSolution
		HideSolutionNode = FALSE
	EndGlobalSection
	GlobalSection(ExtensibilityGlobals) = postSolution
		SolutionGuid = {95CD319D-F517-4A5A-BA87-6A0C263C8F96}
	EndGlobalSection
EndGlobal
